
Microsoft Visual Studio Solution File, Format Version 12.00
# Visual Studio Version 16
VisualStudioVersion = 16.0.29613.14
MinimumVisualStudioVersion = 10.0.40219.1
Project("{9A19103F-16F7-4668-BE54-9A1E7A4F7556}") = "FFmpeg.Gui", "FFmpeg.Gui\FFmpeg.Gui.csproj", "{914A6FDC-C087-42BA-BAA4-7A66C1745F90}"
EndProject
Project("{9A19103F-16F7-4668-BE54-9A1E7A4F7556}") = "FFmpeg.Gui.Tests", "FFmpeg.Gui.Tests\FFmpeg.Gui.Tests.csproj", "{2382E5CF-8198-4CD5-9EAF-BEBB58C3633D}"
EndProject
Global
	GlobalSection(SolutionConfigurationPlatforms) = preSolution
		Debug|Any CPU = Debug|Any CPU
		Release|Any CPU = Release|Any CPU
	EndGlobalSection
	GlobalSection(ProjectConfigurationPlatforms) = postSolution
		{914A6FDC-C087-42BA-BAA4-7A66C1745F90}.Debug|Any CPU.ActiveCfg = Debug|Any CPU
		{914A6FDC-C087-42BA-BAA4-7A66C1745F90}.Debug|Any CPU.Build.0 = Debug|Any CPU
		{914A6FDC-C087-42BA-BAA4-7A66C1745F90}.Release|Any CPU.ActiveCfg = Release|Any CPU
		{914A6FDC-C087-42BA-BAA4-7A66C1745F90}.Release|Any CPU.Build.0 = Release|Any CPU
		{2382E5CF-8198-4CD5-9EAF-BEBB58C3633D}.Debug|Any CPU.ActiveCfg = Debug|Any CPU
		{2382E5CF-8198-4CD5-9EAF-BEBB58C3633D}.Debug|Any CPU.Build.0 = Debug|Any CPU
		{2382E5CF-8198-4CD5-9EAF-BEBB58C3633D}.Release|Any CPU.ActiveCfg = Release|Any CPU
		{2382E5CF-8198-4CD5-9EAF-BEBB58C3633D}.Release|Any CPU.Build.0 = Release|Any CPU
	EndGlobalSection
	GlobalSection(SolutionProperties) = preSolution
		HideSolutionNode = FALSE
	EndGlobalSection
	GlobalSection(ExtensibilityGlobals) = postSolution
		SolutionGuid = {819D32D0-E28B-451F-B1B3-99BDDF959B33}
	EndGlobalSection
EndGlobal
